
Microsoft Visual Studio Solution File, Format Version 12.00
# Visual Studio Version 17
VisualStudioVersion = 17.14.37111.16 d17.14
MinimumVisualStudioVersion = 10.0.40219.1
Project("{FAE04EC0-301F-11D3-BF4B-00C04F79EFBC}") = "SeriA_Football.API", "SeriA_Football.API.csproj", "{6C7948ED-0671-4CD8-AAA6-39B478F2B303}"
EndProject
Global
	GlobalSection(SolutionConfigurationPlatforms) = preSolution
		Debug|Any CPU = Debug|Any CPU
		Release|Any CPU = Release|Any CPU
	EndGlobalSection
	GlobalSection(ProjectConfigurationPlatforms) = postSolution
		{6C7948ED-0671-4CD8-AAA6-39B478F2B303}.Debug|Any CPU.ActiveCfg = Debug|Any CPU
		{6C7948ED-0671-4CD8-AAA6-39B478F2B303}.Debug|Any CPU.Build.0 = Debug|Any CPU
		{6C7948ED-0671-4CD8-AAA6-39B478F2B303}.Release|Any CPU.ActiveCfg = Release|Any CPU
		{6C7948ED-0671-4CD8-AAA6-39B478F2B303}.Release|Any CPU.Build.0 = Release|Any CPU
	EndGlobalSection
	GlobalSection(SolutionProperties) = preSolution
		HideSolutionNode = FALSE
	EndGlobalSection
	GlobalSection(ExtensibilityGlobals) = postSolution
		SolutionGuid = {CDE65C92-FD94-4F42-B728-71790667E314}
	EndGlobalSection
EndGlobal
